{
  "object": {
    "pins": [
      {
        "package": "Swift_Atomics",
        "repositoryURL": "https://github.com/Guang1234567/Swift_Atomics.git",
        "state": {
          "branch": "master",
          "revision": "32a8c89a132c5d6d4330002dc65af2953306d3b6",
          "version": null
        }
      }
    ]
  },
  "version": 1
}
